
Microsoft Visual Studio Solution File, Format Version 12.00
# Visual Studio 15
VisualStudioVersion = 15.0.27130.2024
MinimumVisualStudioVersion = 10.0.40219.1
Project("{FAE04EC0-301F-11D3-BF4B-00C04F79EFBC}") = "Week11", "Week11\Week11.csproj", "{96A89EE5-9AE1-4920-B90B-96B0636A3FE1}"
EndProject
Global
	GlobalSection(SolutionConfigurationPlatforms) = preSolution
		Debug|Any CPU = Debug|Any CPU
		Release|Any CPU = Release|Any CPU
	EndGlobalSection
	GlobalSection(ProjectConfigurationPlatforms) = postSolution
		{96A89EE5-9AE1-4920-B90B-96B0636A3FE1}.Debug|Any CPU.ActiveCfg = Debug|Any CPU
		{96A89EE5-9AE1-4920-B90B-96B0636A3FE1}.Debug|Any CPU.Build.0 = Debug|Any CPU
		{96A89EE5-9AE1-4920-B90B-96B0636A3FE1}.Release|Any CPU.ActiveCfg = Release|Any CPU
		{96A89EE5-9AE1-4920-B90B-96B0636A3FE1}.Release|Any CPU.Build.0 = Release|Any CPU
	EndGlobalSection
	GlobalSection(SolutionProperties) = preSolution
		HideSolutionNode = FALSE
	EndGlobalSection
	GlobalSection(ExtensibilityGlobals) = postSolution
		SolutionGuid = {0AECAE1C-EDD8-4DC1-87E4-C74FEDEADACA}
	EndGlobalSection
EndGlobal
